
Microsoft Visual Studio Solution File, Format Version 12.00
# Visual Studio Version 16
VisualStudioVersion = 16.0.29728.190
MinimumVisualStudioVersion = 10.0.40219.1
Project("{9A19103F-16F7-4668-BE54-9A1E7A4F7556}") = "AnimalRx.Services", "AnimalRx.Services\AnimalRx.Services.csproj", "{437B92DC-DBC5-43F5-B451-AAC9642DA908}"
EndProject
Project("{FAE04EC0-301F-11D3-BF4B-00C04F79EFBC}") = "AnimalRx.Tests", "AnimalRx.Tests\AnimalRx.Tests.csproj", "{055DA693-27E3-44E8-8C2D-B69763964543}"
EndProject
Global
	GlobalSection(SolutionConfigurationPlatforms) = preSolution
		Debug|Any CPU = Debug|Any CPU
		Release|Any CPU = Release|Any CPU
	EndGlobalSection
	GlobalSection(ProjectConfigurationPlatforms) = postSolution
		{437B92DC-DBC5-43F5-B451-AAC9642DA908}.Debug|Any CPU.ActiveCfg = Debug|Any CPU
		{437B92DC-DBC5-43F5-B451-AAC9642DA908}.Debug|Any CPU.Build.0 = Debug|Any CPU
		{437B92DC-DBC5-43F5-B451-AAC9642DA908}.Release|Any CPU.ActiveCfg = Release|Any CPU
		{437B92DC-DBC5-43F5-B451-AAC9642DA908}.Release|Any CPU.Build.0 = Release|Any CPU
		{055DA693-27E3-44E8-8C2D-B69763964543}.Debug|Any CPU.ActiveCfg = Debug|Any CPU
		{055DA693-27E3-44E8-8C2D-B69763964543}.Debug|Any CPU.Build.0 = Debug|Any CPU
		{055DA693-27E3-44E8-8C2D-B69763964543}.Release|Any CPU.ActiveCfg = Release|Any CPU
		{055DA693-27E3-44E8-8C2D-B69763964543}.Release|Any CPU.Build.0 = Release|Any CPU
	EndGlobalSection
	GlobalSection(SolutionProperties) = preSolution
		HideSolutionNode = FALSE
	EndGlobalSection
	GlobalSection(ExtensibilityGlobals) = postSolution
		SolutionGuid = {38DA1E69-7BA1-4D03-93C9-CAD4DAE8C0DF}
	EndGlobalSection
EndGlobal
